// !$*UTF8*$!
{
	archiveVersion = 1;
	classes = {
	};
	objectVersion = 46;
	objects = {

/* Begin PBXBuildFile section */
		912014D11D13EFFA007C7E94 /* LZNumberTool.m in Sources */ = {isa = PBXBuildFile; fileRef = 912014CC1D13EFFA007C7E94 /* LZNumberTool.m */; };
		912014D21D13EFFA007C7E94 /* LZPasswordView.m in Sources */ = {isa = PBXBuildFile; fileRef = 912014CE1D13EFFA007C7E94 /* LZPasswordView.m */; };
		912014D31D13EFFA007C7E94 /* LZPasswordViewController.m in Sources */ = {isa = PBXBuildFile; fileRef = 912014D01D13EFFA007C7E94 /* LZPasswordViewController.m */; };
		91F932CB1CFED161001589D4 /* main.m in Sources */ = {isa = PBXBuildFile; fileRef = 91F932CA1CFED161001589D4 /* main.m */; };
		91F932CE1CFED161001589D4 /* AppDelegate.m in Sources */ = {isa = PBXBuildFile; fileRef = 91F932CD1CFED161001589D4 /* AppDelegate.m */; };
		91F932D11CFED161001589D4 /* ViewController.m in Sources */ = {isa = PBXBuildFile; fileRef = 91F932D01CFED161001589D4 /* ViewController.m */; };
		91F932D41CFED161001589D4 /* Main.storyboard in Resources */ = {isa = PBXBuildFile; fileRef = 91F932D21CFED161001589D4 /* Main.storyboard */; };
		91F932D71CFED161001589D4 /* LZPasswordView.xcdatamodeld in Sources */ = {isa = PBXBuildFile; fileRef = 91F932D51CFED161001589D4 /* LZPasswordView.xcdatamodeld */; };
		91F932D91CFED161001589D4 /* Assets.xcassets in Resources */ = {isa = PBXBuildFile; fileRef = 91F932D81CFED161001589D4 /* Assets.xcassets */; };
		91F932DC1CFED161001589D4 /* LaunchScreen.storyboard in Resources */ = {isa = PBXBuildFile; fileRef = 91F932DA1CFED161001589D4 /* LaunchScreen.storyboard */; };
		91F932E71CFED161001589D4 /* LZPasswordViewTests.m in Sources */ = {isa = PBXBuildFile; fileRef = 91F932E61CFED161001589D4 /* LZPasswordViewTests.m */; };
		91F932F21CFED161001589D4 /* LZPasswordViewUITests.m in Sources */ = {isa = PBXBuildFile; fileRef = 91F932F11CFED161001589D4 /* LZPasswordViewUITests.m */; };
/* End PBXBuildFile section */

/* Begin PBXContainerItemProxy section */
		91F932E31CFED161001589D4 /* PBXContainerItemProxy */ = {
			isa = PBXContainerItemProxy;
			containerPortal = 91F932BE1CFED161001589D4 /* Project object */;
			proxyType = 1;
			remoteGlobalIDString = 91F932C51CFED161001589D4;
			remoteInfo = LZPasswordView;
		};
		91F932EE1CFED161001589D4 /* PBXContainerItemProxy */ = {
			isa = PBXContainerItemProxy;
			containerPortal = 91F932BE1CFED161001589D4 /* Project object */;
			proxyType = 1;
			remoteGlobalIDString = 91F932C51CFED161001589D4;
			remoteInfo = LZPasswordView;
		};
/* End PBXContainerItemProxy section */

/* Begin PBXFileReference section */
		912014CB1D13EFFA007C7E94 /* LZNumberTool.h */ = {isa = PBXFileReference; fileEncoding = 4; lastKnownFileType = sourcecode.c.h; path = LZNumberTool.h; sourceTree = "<group>"; };
		912014CC1D13EFFA007C7E94 /* LZNumberTool.m */ = {isa = PBXFileReference; fileEncoding = 4; lastKnownFileType = sourcecode.c.objc; path = LZNumberTool.m; sourceTree = "<group>"; };
		912014CD1D13EFFA007C7E94 /* LZPasswordView.h */ = {isa = PBXFileReference; fileEncoding = 4; lastKnownFileType = sourcecode.c.h; path = LZPasswordView.h; sourceTree = "<group>"; };
		912014CE1D13EFFA007C7E94 /* LZPasswordView.m */ = {isa = PBXFileReference; fileEncoding = 4; lastKnownFileType = sourcecode.c.objc; path = LZPasswordView.m; sourceTree = "<group>"; };
		912014CF1D13EFFA007C7E94 /* LZPasswordViewController.h */ = {isa = PBXFileReference; fileEncoding = 4; lastKnownFileType = sourcecode.c.h; path = LZPasswordViewController.h; sourceTree = "<group>"; };
		912014D01D13EFFA007C7E94 /* LZPasswordViewController.m */ = {isa = PBXFileReference; fileEncoding = 4; lastKnownFileType = sourcecode.c.objc; path = LZPasswordViewController.m; sourceTree = "<group>"; };
		91F932C61CFED161001589D4 /* LZPasswordView.app */ = {isa = PBXFileReference; explicitFileType = wrapper.application; includeInIndex = 0; path = LZPasswordView.app; sourceTree = BUILT_PRODUCTS_DIR; };
		91F932CA1CFED161001589D4 /* main.m */ = {isa = PBXFileReference; lastKnownFileType = sourcecode.c.objc; path = main.m; sourceTree = "<group>"; };
		91F932CC1CFED161001589D4 /* AppDelegate.h */ = {isa = PBXFileReference; lastKnownFileType = sourcecode.c.h; path = AppDelegate.h; sourceTree = "<group>"; };
		91F932CD1CFED161001589D4 /* AppDelegate.m */ = {isa = PBXFileReference; lastKnownFileType = sourcecode.c.objc; path = AppDelegate.m; sourceTree = "<group>"; };
		91F932CF1CFED161001589D4 /* ViewController.h */ = {isa = PBXFileReference; lastKnownFileType = sourcecode.c.h; path = ViewController.h; sourceTree = "<group>"; };
		91F932D01CFED161001589D4 /* ViewController.m */ = {isa = PBXFileReference; lastKnownFileType = sourcecode.c.objc; path = ViewController.m; sourceTree = "<group>"; };
		91F932D31CFED161001589D4 /* Base */ = {isa = PBXFileReference; lastKnownFileType = file.storyboard; name = Base; path = Base.lproj/Main.storyboard; sourceTree = "<group>"; };
		91F932D61CFED161001589D4 /* LZPasswordView.xcdatamodel */ = {isa = PBXFileReference; lastKnownFileType = wrapper.xcdatamodel; path = LZPasswordView.xcdatamodel; sourceTree = "<group>"; };
		91F932D81CFED161001589D4 /* Assets.xcassets */ = {isa = PBXFileReference; lastKnownFileType = folder.assetcatalog; path = Assets.xcassets; sourceTree = "<group>"; };
		91F932DB1CFED161001589D4 /* Base */ = {isa = PBXFileReference; lastKnownFileType = file.storyboard; name = Base; path = Base.lproj/LaunchScreen.storyboard; sourceTree = "<group>"; };
		91F932DD1CFED161001589D4 /* Info.plist */ = {isa = PBXFileReference; lastKnownFileType = text.plist.xml; path = Info.plist; sourceTree = "<group>"; };
		91F932E21CFED161001589D4 /* LZPasswordViewTests.xctest */ = {isa = PBXFileReference; explicitFileType = wrapper.cfbundle; includeInIndex = 0; path = LZPasswordViewTests.xctest; sourceTree = BUILT_PRODUCTS_DIR; };
		91F932E61CFED161001589D4 /* LZPasswordViewTests.m */ = {isa = PBXFileReference; lastKnownFileType = sourcecode.c.objc; path = LZPasswordViewTests.m; sourceTree = "<group>"; };
		91F932E81CFED161001589D4 /* Info.plist */ = {isa = PBXFileReference; lastKnownFileType = text.plist.xml; path = Info.plist; sourceTree = "<group>"; };
		91F932ED1CFED161001589D4 /* LZPasswordViewUITests.xctest */ = {isa = PBXFileReference; explicitFileType = wrapper.cfbundle; includeInIndex = 0; path = LZPasswordViewUITests.xctest; sourceTree = BUILT_PRODUCTS_DIR; };
		91F932F11CFED161001589D4 /* LZPasswordViewUITests.m */ = {isa = PBXFileReference; lastKnownFileType = sourcecode.c.objc; path = LZPasswordViewUITests.m; sourceTree = "<group>"; };
		91F932F31CFED161001589D4 /* Info.plist */ = {isa = PBXFileReference; lastKnownFileType = text.plist.xml; path = Info.plist; sourceTree = "<group>"; };
/* End PBXFileReference section */

/* Begin PBXFrameworksBuildPhase section */
		91F932C31CFED161001589D4 /* Frameworks */ = {
			isa = PBXFrameworksBuildPhase;
			buildActionMask = 2147483647;
			files = (
			);
			runOnlyForDeploymentPostprocessing = 0;
		};
		91F932DF1CFED161001589D4 /* Frameworks */ = {
			isa = PBXFrameworksBuildPhase;
			buildActionMask = 2147483647;
			files = (
			);
			runOnlyForDeploymentPostprocessing = 0;
		};
		91F932EA1CFED161001589D4 /* Frameworks */ = {
			isa = PBXFrameworksBuildPhase;
			buildActionMask = 2147483647;
			files = (
			);
			runOnlyForDeploymentPostprocessing = 0;
		};
/* End PBXFrameworksBuildPhase section */

/* Begin PBXGroup section */
		912014CA1D13EFFA007C7E94 /* LZPasswordViewController */ = {
			isa = PBXGroup;
			children = (
				912014CB1D13EFFA007C7E94 /* LZNumberTool.h */,
				912014CC1D13EFFA007C7E94 /* LZNumberTool.m */,
				912014CD1D13EFFA007C7E94 /* LZPasswordView.h */,
				912014CE1D13EFFA007C7E94 /* LZPasswordView.m */,
				912014CF1D13EFFA007C7E94 /* LZPasswordViewController.h */,
				912014D01D13EFFA007C7E94 /* LZPasswordViewController.m */,
			);
			path = LZPasswordViewController;
			sourceTree = "<group>";
		};
		91F932BD1CFED161001589D4 = {
			isa = PBXGroup;
			children = (
				91F932C81CFED161001589D4 /* LZPasswordView */,
				91F932E51CFED161001589D4 /* LZPasswordViewTests */,
				91F932F01CFED161001589D4 /* LZPasswordViewUITests */,
				91F932C71CFED161001589D4 /* Products */,
			);
			sourceTree = "<group>";
		};
		91F932C71CFED161001589D4 /* Products */ = {
			isa = PBXGroup;
			children = (
				91F932C61CFED161001589D4 /* LZPasswordView.app */,
				91F932E21CFED161001589D4 /* LZPasswordViewTests.xctest */,
				91F932ED1CFED161001589D4 /* LZPasswordViewUITests.xctest */,
			);
			name = Products;
			sourceTree = "<group>";
		};
		91F932C81CFED161001589D4 /* LZPasswordView */ = {
			isa = PBXGroup;
			children = (
				912014CA1D13EFFA007C7E94 /* LZPasswordViewController */,
				91F932CC1CFED161001589D4 /* AppDelegate.h */,
				91F932CD1CFED161001589D4 /* AppDelegate.m */,
				91F932CF1CFED161001589D4 /* ViewController.h */,
				91F932D01CFED161001589D4 /* ViewController.m */,
				91F932D21CFED161001589D4 /* Main.storyboard */,
				91F932D81CFED161001589D4 /* Assets.xcassets */,
				91F932DA1CFED161001589D4 /* LaunchScreen.storyboard */,
				91F932DD1CFED161001589D4 /* Info.plist */,
				91F932D51CFED161001589D4 /* LZPasswordView.xcdatamodeld */,
				91F932C91CFED161001589D4 /* Supporting Files */,
			);
			path = LZPasswordView;
			sourceTree = "<group>";
		};
		91F932C91CFED161001589D4 /* Supporting Files */ = {
			isa = PBXGroup;
			children = (
				91F932CA1CFED161001589D4 /* main.m */,
			);
			name = "Supporting Files";
			sourceTree = "<group>";
		};
		91F932E51CFED161001589D4 /* LZPasswordViewTests */ = {
			isa = PBXGroup;
			children = (
				91F932E61CFED161001589D4 /* LZPasswordViewTests.m */,
				91F932E81CFED161001589D4 /* Info.plist */,
			);
			path = LZPasswordViewTests;
			sourceTree = "<group>";
		};
		91F932F01CFED161001589D4 /* LZPasswordViewUITests */ = {
			isa = PBXGroup;
			children = (
				91F932F11CFED161001589D4 /* LZPasswordViewUITests.m */,
				91F932F31CFED161001589D4 /* Info.plist */,
			);
			path = LZPasswordViewUITests;
			sourceTree = "<group>";
		};
/* End PBXGroup section */

/* Begin PBXNativeTarget section */
		91F932C51CFED161001589D4 /* LZPasswordView */ = {
			isa = PBXNativeTarget;
			buildConfigurationList = 91F932F61CFED161001589D4 /* Build configuration list for PBXNativeTarget "LZPasswordView" */;
			buildPhases = (
				91F932C21CFED161001589D4 /* Sources */,
				91F932C31CFED161001589D4 /* Frameworks */,
				91F932C41CFED161001589D4 /* Resources */,
			);
			buildRules = (
			);
			dependencies = (
			);
			name = LZPasswordView;
			productName = LZPasswordView;
			productReference = 91F932C61CFED161001589D4 /* LZPasswordView.app */;
			productType = "com.apple.product-type.application";
		};
		91F932E11CFED161001589D4 /* LZPasswordViewTests */ = {
			isa = PBXNativeTarget;
			buildConfigurationList = 91F932F91CFED161001589D4 /* Build configuration list for PBXNativeTarget "LZPasswordViewTests" */;
			buildPhases = (
				91F932DE1CFED161001589D4 /* Sources */,
				91F932DF1CFED161001589D4 /* Frameworks */,
				91F932E01CFED161001589D4 /* Resources */,
			);
			buildRules = (
			);
			dependencies = (
				91F932E41CFED161001589D4 /* PBXTargetDependency */,
			);
			name = LZPasswordViewTests;
			productName = LZPasswordViewTests;
			productReference = 91F932E21CFED161001589D4 /* LZPasswordViewTests.xctest */;
			productType = "com.apple.product-type.bundle.unit-test";
		};
		91F932EC1CFED161001589D4 /* LZPasswordViewUITests */ = {
			isa = PBXNativeTarget;
			buildConfigurationList = 91F932FC1CFED161001589D4 /* Build configuration list for PBXNativeTarget "LZPasswordViewUITests" */;
			buildPhases = (
				91F932E91CFED161001589D4 /* Sources */,
				91F932EA1CFED161001589D4 /* Frameworks */,
				91F932EB1CFED161001589D4 /* Resources */,
			);
			buildRules = (
			);
			dependencies = (
				91F932EF1CFED161001589D4 /* PBXTargetDependency */,
			);
			name = LZPasswordViewUITests;
			productName = LZPasswordViewUITests;
			productReference = 91F932ED1CFED161001589D4 /* LZPasswordViewUITests.xctest */;
			productType = "com.apple.product-type.bundle.ui-testing";
		};
/* End PBXNativeTarget section */

/* Begin PBXProject section */
		91F932BE1CFED161001589D4 /* Project object */ = {
			isa = PBXProject;
			attributes = {
				LastUpgradeCheck = 0730;
				ORGANIZATIONNAME = Artup;
				TargetAttributes = {
					91F932C51CFED161001589D4 = {
						CreatedOnToolsVersion = 7.3;
					};
					91F932E11CFED161001589D4 = {
						CreatedOnToolsVersion = 7.3;
						TestTargetID = 91F932C51CFED161001589D4;
					};
					91F932EC1CFED161001589D4 = {
						CreatedOnToolsVersion = 7.3;
						TestTargetID = 91F932C51CFED161001589D4;
					};
				};
			};
			buildConfigurationList = 91F932C11CFED161001589D4 /* Build configuration list for PBXProject "LZPasswordView" */;
			compatibilityVersion = "Xcode 3.2";
			developmentRegion = English;
			hasScannedForEncodings = 0;
			knownRegions = (
				en,
				Base,
			);
			mainGroup = 91F932BD1CFED161001589D4;
			productRefGroup = 91F932C71CFED161001589D4 /* Products */;
			projectDirPath = "";
			projectRoot = "";
			targets = (
				91F932C51CFED161001589D4 /* LZPasswordView */,
				91F932E11CFED161001589D4 /* LZPasswordViewTests */,
				91F932EC1CFED161001589D4 /* LZPasswordViewUITests */,
			);
		};
/* End PBXProject section */

/* Begin PBXResourcesBuildPhase section */
		91F932C41CFED161001589D4 /* Resources */ = {
			isa = PBXResourcesBuildPhase;
			buildActionMask = 2147483647;
			files = (
				91F932DC1CFED161001589D4 /* LaunchScreen.storyboard in Resources */,
				91F932D91CFED161001589D4 /* Assets.xcassets in Resources */,
				91F932D41CFED161001589D4 /* Main.storyboard in Resources */,
			);
			runOnlyForDeploymentPostprocessing = 0;
		};
		91F932E01CFED161001589D4 /* Resources */ = {
			isa = PBXResourcesBuildPhase;
			buildActionMask = 2147483647;
			files = (
			);
			runOnlyForDeploymentPostprocessing = 0;
		};
		91F932EB1CFED161001589D4 /* Resources */ = {
			isa = PBXResourcesBuildPhase;
			buildActionMask = 2147483647;
			files = (
			);
			runOnlyForDeploymentPostprocessing = 0;
		};
/* End PBXResourcesBuildPhase section */

/* Begin PBXSourcesBuildPhase section */
		91F932C21CFED161001589D4 /* Sources */ = {
			isa = PBXSourcesBuildPhase;
			buildActionMask = 2147483647;
			files = (
				91F932D11CFED161001589D4 /* ViewController.m in Sources */,
				912014D11D13EFFA007C7E94 /* LZNumberTool.m in Sources */,
				91F932CE1CFED161001589D4 /* AppDelegate.m in Sources */,
				91F932CB1CFED161001589D4 /* main.m in Sources */,
				91F932D71CFED161001589D4 /* LZPasswordView.xcdatamodeld in Sources */,
				912014D31D13EFFA007C7E94 /* LZPasswordViewController.m in Sources */,
				912014D21D13EFFA007C7E94 /* LZPasswordView.m in Sources */,
			);
			runOnlyForDeploymentPostprocessing = 0;
		};
		91F932DE1CFED161001589D4 /* Sources */ = {
			isa = PBXSourcesBuildPhase;
			buildActionMask = 2147483647;
			files = (
				91F932E71CFED161001589D4 /* LZPasswordViewTests.m in Sources */,
			);
			runOnlyForDeploymentPostprocessing = 0;
		};
		91F932E91CFED161001589D4 /* Sources */ = {
			isa = PBXSourcesBuildPhase;
			buildActionMask = 2147483647;
			files = (
				91F932F21CFED161001589D4 /* LZPasswordViewUITests.m in Sources */,
			);
			runOnlyForDeploymentPostprocessing = 0;
		};
/* End PBXSourcesBuildPhase section */

/* Begin PBXTargetDependency section */
		91F932E41CFED161001589D4 /* PBXTargetDependency */ = {
			isa = PBXTargetDependency;
			target = 91F932C51CFED161001589D4 /* LZPasswordView */;
			targetProxy = 91F932E31CFED161001589D4 /* PBXContainerItemProxy */;
		};
		91F932EF1CFED161001589D4 /* PBXTargetDependency */ = {
			isa = PBXTargetDependency;
			target = 91F932C51CFED161001589D4 /* LZPasswordView */;
			targetProxy = 91F932EE1CFED161001589D4 /* PBXContainerItemProxy */;
		};
/* End PBXTargetDependency section */

/* Begin PBXVariantGroup section */
		91F932D21CFED161001589D4 /* Main.storyboard */ = {
			isa = PBXVariantGroup;
			children = (
				91F932D31CFED161001589D4 /* Base */,
			);
			name = Main.storyboard;
			sourceTree = "<group>";
		};
		91F932DA1CFED161001589D4 /* LaunchScreen.storyboard */ = {
			isa = PBXVariantGroup;
			children = (
				91F932DB1CFED161001589D4 /* Base */,
			);
			name = LaunchScreen.storyboard;
			sourceTree = "<group>";
		};
/* End PBXVariantGroup section */

/* Begin XCBuildConfiguration section */
		91F932F41CFED161001589D4 /* Debug */ = {
			isa = XCBuildConfiguration;
			buildSettings = {
				ALWAYS_SEARCH_USER_PATHS = NO;
				CLANG_ANALYZER_NONNULL = YES;
				CLANG_CXX_LANGUAGE_STANDARD = "gnu++0x";
				CLANG_CXX_LIBRARY = "libc++";
				CLANG_ENABLE_MODULES = YES;
				CLANG_ENABLE_OBJC_ARC = YES;
				CLANG_WARN_BOOL_CONVERSION = YES;
				CLANG_WARN_CONSTANT_CONVERSION = YES;
				CLANG_WARN_DIRECT_OBJC_ISA_USAGE = YES_ERROR;
				CLANG_WARN_EMPTY_BODY = YES;
				CLANG_WARN_ENUM_CONVERSION = YES;
				CLANG_WARN_INT_CONVERSION = YES;
				CLANG_WARN_OBJC_ROOT_CLASS = YES_ERROR;
				CLANG_WARN_UNREACHABLE_CODE = YES;
				CLANG_WARN__DUPLICATE_METHOD_MATCH = YES;
				"CODE_SIGN_IDENTITY[sdk=iphoneos*]" = "iPhone Developer";
				COPY_PHASE_STRIP = NO;
				DEBUG_INFORMATION_FORMAT = dwarf;
				ENABLE_STRICT_OBJC_MSGSEND = YES;
				ENABLE_TESTABILITY = YES;
				GCC_C_LANGUAGE_STANDARD = gnu99;
				GCC_DYNAMIC_NO_PIC = NO;
				GCC_NO_COMMON_BLOCKS = YES;
				GCC_OPTIMIZATION_LEVEL = 0;
				GCC_PREPROCESSOR_DEFINITIONS = (
					"DEBUG=1",
					"$(inherited)",
				);
				GCC_WARN_64_TO_32_BIT_CONVERSION = YES;
				GCC_WARN_ABOUT_RETURN_TYPE = YES_ERROR;
				GCC_WARN_UNDECLARED_SELECTOR = YES;
				GCC_WARN_UNINITIALIZED_AUTOS = YES_AGGRESSIVE;
				GCC_WARN_UNUSED_FUNCTION = YES;
				GCC_WARN_UNUSED_VARIABLE = YES;
				IPHONEOS_DEPLOYMENT_TARGET = 9.3;
				MTL_ENABLE_DEBUG_INFO = YES;
				ONLY_ACTIVE_ARCH = YES;
				SDKROOT = iphoneos;
				TARGETED_DEVICE_FAMILY = "1,2";
			};
			name = Debug;
		};
		91F932F51CFED161001589D4 /* Release */ = {
			isa = XCBuildConfiguration;
			buildSettings = {
				ALWAYS_SEARCH_USER_PATHS = NO;
				CLANG_ANALYZER_NONNULL = YES;
				CLANG_CXX_LANGUAGE_STANDARD = "gnu++0x";
				CLANG_CXX_LIBRARY = "libc++";
				CLANG_ENABLE_MODULES = YES;
				CLANG_ENABLE_OBJC_ARC = YES;
				CLANG_WARN_BOOL_CONVERSION = YES;
				CLANG_WARN_CONSTANT_CONVERSION = YES;
				CLANG_WARN_DIRECT_OBJC_ISA_USAGE = YES_ERROR;
				CLANG_WARN_EMPTY_BODY = YES;
				CLANG_WARN_ENUM_CONVERSION = YES;
				CLANG_WARN_INT_CONVERSION = YES;
				CLANG_WARN_OBJC_ROOT_CLASS = YES_ERROR;
				CLANG_WARN_UNREACHABLE_CODE = YES;
				CLANG_WARN__DUPLICATE_METHOD_MATCH = YES;
				"CODE_SIGN_IDENTITY[sdk=iphoneos*]" = "iPhone Developer";
				COPY_PHASE_STRIP = NO;
				DEBUG_INFORMATION_FORMAT = "dwarf-with-dsym";
				ENABLE_NS_ASSERTIONS = NO;
				ENABLE_STRICT_OBJC_MSGSEND = YES;
				GCC_C_LANGUAGE_STANDARD = gnu99;
				GCC_NO_COMMON_BLOCKS = YES;
				GCC_WARN_64_TO_32_BIT_CONVERSION = YES;
				GCC_WARN_ABOUT_RETURN_TYPE = YES_ERROR;
				GCC_WARN_UNDECLARED_SELECTOR = YES;
				GCC_WARN_UNINITIALIZED_AUTOS = YES_AGGRESSIVE;
				GCC_WARN_UNUSED_FUNCTION = YES;
				GCC_WARN_UNUSED_VARIABLE = YES;
				IPHONEOS_DEPLOYMENT_TARGET = 9.3;
				MTL_ENABLE_DEBUG_INFO = NO;
				SDKROOT = iphoneos;
				TARGETED_DEVICE_FAMILY = "1,2";
				VALIDATE_PRODUCT = YES;
			};
			name = Release;
		};
		91F932F71CFED161001589D4 /* Debug */ = {
			isa = XCBuildConfiguration;
			buildSettings = {
				ASSETCATALOG_COMPILER_APPICON_NAME = AppIcon;
				INFOPLIST_FILE = LZPasswordView/Info.plist;
				LD_RUNPATH_SEARCH_PATHS = "$(inherited) @executable_path/Frameworks";
				PRODUCT_BUNDLE_IDENTIFIER = com.artup.LZPasswordView;
				PRODUCT_NAME = "$(TARGET_NAME)";
			};
			name = Debug;
		};
		91F932F81CFED161001589D4 /* Release */ = {
			isa = XCBuildConfiguration;
			buildSettings = {
				ASSETCATALOG_COMPILER_APPICON_NAME = AppIcon;
				INFOPLIST_FILE = LZPasswordView/Info.plist;
				LD_RUNPATH_SEARCH_PATHS = "$(inherited) @executable_path/Frameworks";
				PRODUCT_BUNDLE_IDENTIFIER = com.artup.LZPasswordView;
				PRODUCT_NAME = "$(TARGET_NAME)";
			};
			name = Release;
		};
		91F932FA1CFED161001589D4 /* Debug */ = {
			isa = XCBuildConfiguration;
			buildSettings = {
				BUNDLE_LOADER = "$(TEST_HOST)";
				INFOPLIST_FILE = LZPasswordViewTests/Info.plist;
				LD_RUNPATH_SEARCH_PATHS = "$(inherited) @executable_path/Frameworks @loader_path/Frameworks";
				PRODUCT_BUNDLE_IDENTIFIER = com.artup.LZPasswordViewTests;
				PRODUCT_NAME = "$(TARGET_NAME)";
				TEST_HOST = "$(BUILT_PRODUCTS_DIR)/LZPasswordView.app/LZPasswordView";
			};
			name = Debug;
		};
		91F932FB1CFED161001589D4 /* Release */ = {
			isa = XCBuildConfiguration;
			buildSettings = {
				BUNDLE_LOADER = "$(TEST_HOST)";
				INFOPLIST_FILE = LZPasswordViewTests/Info.plist;
				LD_RUNPATH_SEARCH_PATHS = "$(inherited) @executable_path/Frameworks @loader_path/Frameworks";
				PRODUCT_BUNDLE_IDENTIFIER = com.artup.LZPasswordViewTests;
				PRODUCT_NAME = "$(TARGET_NAME)";
				TEST_HOST = "$(BUILT_PRODUCTS_DIR)/LZPasswordView.app/LZPasswordView";
			};
			name = Release;
		};
		91F932FD1CFED161001589D4 /* Debug */ = {
			isa = XCBuildConfiguration;
			buildSettings = {
				INFOPLIST_FILE = LZPasswordViewUITests/Info.plist;
				LD_RUNPATH_SEARCH_PATHS = "$(inherited) @executable_path/Frameworks @loader_path/Frameworks";
				PRODUCT_BUNDLE_IDENTIFIER = com.artup.LZPasswordViewUITests;
				PRODUCT_NAME = "$(TARGET_NAME)";
				TEST_TARGET_NAME = LZPasswordView;
			};
			name = Debug;
		};
		91F932FE1CFED161001589D4 /* Release */ = {
			isa = XCBuildConfiguration;
			buildSettings = {
				INFOPLIST_FILE = LZPasswordViewUITests/Info.plist;
				LD_RUNPATH_SEARCH_PATHS = "$(inherited) @executable_path/Frameworks @loader_path/Frameworks";
				PRODUCT_BUNDLE_IDENTIFIER = com.artup.LZPasswordViewUITests;
				PRODUCT_NAME = "$(TARGET_NAME)";
				TEST_TARGET_NAME = LZPasswordView;
			};
			name = Release;
		};
/* End XCBuildConfiguration section */

/* Begin XCConfigurationList section */
		91F932C11CFED161001589D4 /* Build configuration list for PBXProject "LZPasswordView" */ = {
			isa = XCConfigurationList;
			buildConfigurations = (
				91F932F41CFED161001589D4 /* Debug */,
				91F932F51CFED161001589D4 /* Release */,
			);
			defaultConfigurationIsVisible = 0;
			defaultConfigurationName = Release;
		};
		91F932F61CFED161001589D4 /* Build configuration list for PBXNativeTarget "LZPasswordView" */ = {
			isa = XCConfigurationList;
			buildConfigurations = (
				91F932F71CFED161001589D4 /* Debug */,
				91F932F81CFED161001589D4 /* Release */,
			);
			defaultConfigurationIsVisible = 0;
			defaultConfigurationName = Release;
		};
		91F932F91CFED161001589D4 /* Build configuration list for PBXNativeTarget "LZPasswordViewTests" */ = {
			isa = XCConfigurationList;
			buildConfigurations = (
				91F932FA1CFED161001589D4 /* Debug */,
				91F932FB1CFED161001589D4 /* Release */,
			);
			defaultConfigurationIsVisible = 0;
			defaultConfigurationName = Release;
		};
		91F932FC1CFED161001589D4 /* Build configuration list for PBXNativeTarget "LZPasswordViewUITests" */ = {
			isa = XCConfigurationList;
			buildConfigurations = (
				91F932FD1CFED161001589D4 /* Debug */,
				91F932FE1CFED161001589D4 /* Release */,
			);
			defaultConfigurationIsVisible = 0;
			defaultConfigurationName = Release;
		};
/* End XCConfigurationList section */

/* Begin XCVersionGroup section */
		91F932D51CFED161001589D4 /* LZPasswordView.xcdatamodeld */ = {
			isa = XCVersionGroup;
			children = (
				91F932D61CFED161001589D4 /* LZPasswordView.xcdatamodel */,
			);
			currentVersion = 91F932D61CFED161001589D4 /* LZPasswordView.xcdatamodel */;
			path = LZPasswordView.xcdatamodeld;
			sourceTree = "<group>";
			versionGroupType = wrapper.xcdatamodel;
		};
/* End XCVersionGroup section */
	};
	rootObject = 91F932BE1CFED161001589D4 /* Project object */;
}
